
Microsoft Visual Studio Solution File, Format Version 12.00
# Visual Studio Version 16
VisualStudioVersion = 16.0.29503.13
MinimumVisualStudioVersion = 10.0.40219.1
Project("{FAE04EC0-301F-11D3-BF4B-00C04F79EFBC}") = "LaCuevita", "LaCuevita\LaCuevita.csproj", "{AE4D1920-548B-4925-88D5-D6361A556C26}"
EndProject
Global
	GlobalSection(SolutionConfigurationPlatforms) = preSolution
		Debug|Any CPU = Debug|Any CPU
		Release|Any CPU = Release|Any CPU
	EndGlobalSection
	GlobalSection(ProjectConfigurationPlatforms) = postSolution
		{AE4D1920-548B-4925-88D5-D6361A556C26}.Debug|Any CPU.ActiveCfg = Debug|Any CPU
		{AE4D1920-548B-4925-88D5-D6361A556C26}.Debug|Any CPU.Build.0 = Debug|Any CPU
		{AE4D1920-548B-4925-88D5-D6361A556C26}.Release|Any CPU.ActiveCfg = Release|Any CPU
		{AE4D1920-548B-4925-88D5-D6361A556C26}.Release|Any CPU.Build.0 = Release|Any CPU
	EndGlobalSection
	GlobalSection(SolutionProperties) = preSolution
		HideSolutionNode = FALSE
	EndGlobalSection
	GlobalSection(ExtensibilityGlobals) = postSolution
		SolutionGuid = {C9469F28-E736-4981-8B7E-7B11ACBB05FB}
	EndGlobalSection
EndGlobal
